PODS:
  - CCDB (1.0.0)

DEPENDENCIES:
  - CCDB (from `/Users/cmw/projects/ccmodelexample/ccmodelexample`)

EXTERNAL SOURCES:
  CCDB:
    :path: "/Users/cmw/projects/ccmodelexample/ccmodelexample"

SPEC CHECKSUMS:
  CCDB: 33ca3309aef9103704d0e414be2cedfdb4a63667

PODFILE CHECKSUM: ca4d3c006762a5a9a614e28d68583d9aa453dbd4

COCOAPODS: 1.11.2
