// !$*UTF8*$!
{
	archiveVersion = 1;
	classes = {
	};
	objectVersion = 55;
	objects = {

/* Begin PBXBuildFile section */
		DB2A21842766CC0A005F239E /* SpeedTestApp.swift in Sources */ = {isa = PBXBuildFile; fileRef = DB2A21832766CC0A005F239E /* SpeedTestApp.swift */; };
		DB2A21862766CC0A005F239E /* ContentView.swift in Sources */ = {isa = PBXBuildFile; fileRef = DB2A21852766CC0A005F239E /* ContentView.swift */; };
		DB2A21882766CC0B005F239E /* Assets.xcassets in Resources */ = {isa = PBXBuildFile; fileRef = DB2A21872766CC0B005F239E /* Assets.xcassets */; };
		DB2A218B2766CC0B005F239E /* Preview Assets.xcassets in Resources */ = {isa = PBXBuildFile; fileRef = DB2A218A2766CC0B005F239E /* Preview Assets.xcassets */; };
		DB2A21952766CC0C005F239E /* SpeedTestTests.swift in Sources */ = {isa = PBXBuildFile; fileRef = DB2A21942766CC0C005F239E /* SpeedTestTests.swift */; };
		DB2A219F2766CC0C005F239E /* SpeedTestUITests.swift in Sources */ = {isa = PBXBuildFile; fileRef = DB2A219E2766CC0C005F239E /* SpeedTestUITests.swift */; };
		DB2A21A12766CC0C005F239E /* SpeedTestUITestsLaunchTests.swift in Sources */ = {isa = PBXBuildFile; fileRef = DB2A21A02766CC0C005F239E /* SpeedTestUITestsLaunchTests.swift */; };
		DB2A21AF2766CEF5005F239E /* CCDBModel.swift in Sources */ = {isa = PBXBuildFile; fileRef = DB2A21AE2766CEF5005F239E /* CCDBModel.swift */; };
		DB2A21B12766CF01005F239E /* RealmModel.swift in Sources */ = {isa = PBXBuildFile; fileRef = DB2A21B02766CF01005F239E /* RealmModel.swift */; };
		DB2A21B32766CF18005F239E /* RealmHelper.swift in Sources */ = {isa = PBXBuildFile; fileRef = DB2A21B22766CF18005F239E /* RealmHelper.swift */; };
		FD4A7344E4A2BF50928355A9 /* Pods_SpeedTest.framework in Frameworks */ = {isa = PBXBuildFile; fileRef = 54C1FFCF1E97ACB1ED50B62E /* Pods_SpeedTest.framework */; };
/* End PBXBuildFile section */

/* Begin PBXContainerItemProxy section */
		DB2A21912766CC0C005F239E /* PBXContainerItemProxy */ = {
			isa = PBXContainerItemProxy;
			containerPortal = DB2A21782766CC0A005F239E /* Project object */;
			proxyType = 1;
			remoteGlobalIDString = DB2A217F2766CC0A005F239E;
			remoteInfo = SpeedTest;
		};
		DB2A219B2766CC0C005F239E /* PBXContainerItemProxy */ = {
			isa = PBXContainerItemProxy;
			containerPortal = DB2A21782766CC0A005F239E /* Project object */;
			proxyType = 1;
			remoteGlobalIDString = DB2A217F2766CC0A005F239E;
			remoteInfo = SpeedTest;
		};
/* End PBXContainerItemProxy section */

/* Begin PBXFileReference section */
		54C1FFCF1E97ACB1ED50B62E /* Pods_SpeedTest.framework */ = {isa = PBXFileReference; explicitFileType = wrapper.framework; includeInIndex = 0; path = Pods_SpeedTest.framework; sourceTree = BUILT_PRODUCTS_DIR; };
		AAD8BB241A6BF2F0ACA2CBAE /* Pods-SpeedTest.debug.xcconfig */ = {isa = PBXFileReference; includeInIndex = 1; lastKnownFileType = text.xcconfig; name = "Pods-SpeedTest.debug.xcconfig"; path = "Target Support Files/Pods-SpeedTest/Pods-SpeedTest.debug.xcconfig"; sourceTree = "<group>"; };
		DB2A21802766CC0A005F239E /* SpeedTest.app */ = {isa = PBXFileReference; explicitFileType = wrapper.application; includeInIndex = 0; path = SpeedTest.app; sourceTree = BUILT_PRODUCTS_DIR; };
		DB2A21832766CC0A005F239E /* SpeedTestApp.swift */ = {isa = PBXFileReference; lastKnownFileType = sourcecode.swift; path = SpeedTestApp.swift; sourceTree = "<group>"; };
		DB2A21852766CC0A005F239E /* ContentView.swift */ = {isa = PBXFileReference; lastKnownFileType = sourcecode.swift; path = ContentView.swift; sourceTree = "<group>"; };
		DB2A21872766CC0B005F239E /* Assets.xcassets */ = {isa = PBXFileReference; lastKnownFileType = folder.assetcatalog; path = Assets.xcassets; sourceTree = "<group>"; };
		DB2A218A2766CC0B005F239E /* Preview Assets.xcassets */ = {isa = PBXFileReference; lastKnownFileType = folder.assetcatalog; path = "Preview Assets.xcassets"; sourceTree = "<group>"; };
		DB2A21902766CC0C005F239E /* SpeedTestTests.xctest */ = {isa = PBXFileReference; explicitFileType = wrapper.cfbundle; includeInIndex = 0; path = SpeedTestTests.xctest; sourceTree = BUILT_PRODUCTS_DIR; };
		DB2A21942766CC0C005F239E /* SpeedTestTests.swift */ = {isa = PBXFileReference; lastKnownFileType = sourcecode.swift; path = SpeedTestTests.swift; sourceTree = "<group>"; };
		DB2A219A2766CC0C005F239E /* SpeedTestUITests.xctest */ = {isa = PBXFileReference; explicitFileType = wrapper.cfbundle; includeInIndex = 0; path = SpeedTestUITests.xctest; sourceTree = BUILT_PRODUCTS_DIR; };
		DB2A219E2766CC0C005F239E /* SpeedTestUITests.swift */ = {isa = PBXFileReference; lastKnownFileType = sourcecode.swift; path = SpeedTestUITests.swift; sourceTree = "<group>"; };
		DB2A21A02766CC0C005F239E /* SpeedTestUITestsLaunchTests.swift */ = {isa = PBXFileReference; lastKnownFileType = sourcecode.swift; path = SpeedTestUITestsLaunchTests.swift; sourceTree = "<group>"; };
		DB2A21AE2766CEF5005F239E /* CCDBModel.swift */ = {isa = PBXFileReference; lastKnownFileType = sourcecode.swift; path = CCDBModel.swift; sourceTree = "<group>"; };
		DB2A21B02766CF01005F239E /* RealmModel.swift */ = {isa = PBXFileReference; lastKnownFileType = sourcecode.swift; path = RealmModel.swift; sourceTree = "<group>"; };
		DB2A21B22766CF18005F239E /* RealmHelper.swift */ = {isa = PBXFileReference; lastKnownFileType = sourcecode.swift; path = RealmHelper.swift; sourceTree = "<group>"; };
		E63F10E2400B89E718A63501 /* Pods-SpeedTest.release.xcconfig */ = {isa = PBXFileReference; includeInIndex = 1; lastKnownFileType = text.xcconfig; name = "Pods-SpeedTest.release.xcconfig"; path = "Target Support Files/Pods-SpeedTest/Pods-SpeedTest.release.xcconfig"; sourceTree = "<group>"; };
/* End PBXFileReference section */

/* Begin PBXFrameworksBuildPhase section */
		DB2A217D2766CC0A005F239E /* Frameworks */ = {
			isa = PBXFrameworksBuildPhase;
			buildActionMask = 2147483647;
			files = (
				FD4A7344E4A2BF50928355A9 /* Pods_SpeedTest.framework in Frameworks */,
			);
			runOnlyForDeploymentPostprocessing = 0;
		};
		DB2A218D2766CC0C005F239E /* Frameworks */ = {
			isa = PBXFrameworksBuildPhase;
			buildActionMask = 2147483647;
			files = (
			);
			runOnlyForDeploymentPostprocessing = 0;
		};
		DB2A21972766CC0C005F239E /* Frameworks */ = {
			isa = PBXFrameworksBuildPhase;
			buildActionMask = 2147483647;
			files = (
			);
			runOnlyForDeploymentPostprocessing = 0;
		};
/* End PBXFrameworksBuildPhase section */

/* Begin PBXGroup section */
		5931FB708149AEDDBD1818A9 /* Pods */ = {
			isa = PBXGroup;
			children = (
				AAD8BB241A6BF2F0ACA2CBAE /* Pods-SpeedTest.debug.xcconfig */,
				E63F10E2400B89E718A63501 /* Pods-SpeedTest.release.xcconfig */,
			);
			path = Pods;
			sourceTree = "<group>";
		};
		9AF879652226BEE0C3D8A3DB /* Frameworks */ = {
			isa = PBXGroup;
			children = (
				54C1FFCF1E97ACB1ED50B62E /* Pods_SpeedTest.framework */,
			);
			name = Frameworks;
			sourceTree = "<group>";
		};
		DB2A21772766CC0A005F239E = {
			isa = PBXGroup;
			children = (
				DB2A21822766CC0A005F239E /* SpeedTest */,
				DB2A21932766CC0C005F239E /* SpeedTestTests */,
				DB2A219D2766CC0C005F239E /* SpeedTestUITests */,
				DB2A21812766CC0A005F239E /* Products */,
				5931FB708149AEDDBD1818A9 /* Pods */,
				9AF879652226BEE0C3D8A3DB /* Frameworks */,
			);
			sourceTree = "<group>";
		};
		DB2A21812766CC0A005F239E /* Products */ = {
			isa = PBXGroup;
			children = (
				DB2A21802766CC0A005F239E /* SpeedTest.app */,
				DB2A21902766CC0C005F239E /* SpeedTestTests.xctest */,
				DB2A219A2766CC0C005F239E /* SpeedTestUITests.xctest */,
			);
			name = Products;
			sourceTree = "<group>";
		};
		DB2A21822766CC0A005F239E /* SpeedTest */ = {
			isa = PBXGroup;
			children = (
				DB2A21AD2766CEEA005F239E /* Model */,
				DB2A21832766CC0A005F239E /* SpeedTestApp.swift */,
				DB2A21852766CC0A005F239E /* ContentView.swift */,
				DB2A21872766CC0B005F239E /* Assets.xcassets */,
				DB2A21892766CC0B005F239E /* Preview Content */,
			);
			path = SpeedTest;
			sourceTree = "<group>";
		};
		DB2A21892766CC0B005F239E /* Preview Content */ = {
			isa = PBXGroup;
			children = (
				DB2A218A2766CC0B005F239E /* Preview Assets.xcassets */,
			);
			path = "Preview Content";
			sourceTree = "<group>";
		};
		DB2A21932766CC0C005F239E /* SpeedTestTests */ = {
			isa = PBXGroup;
			children = (
				DB2A21942766CC0C005F239E /* SpeedTestTests.swift */,
			);
			path = SpeedTestTests;
			sourceTree = "<group>";
		};
		DB2A219D2766CC0C005F239E /* SpeedTestUITests */ = {
			isa = PBXGroup;
			children = (
				DB2A219E2766CC0C005F239E /* SpeedTestUITests.swift */,
				DB2A21A02766CC0C005F239E /* SpeedTestUITestsLaunchTests.swift */,
			);
			path = SpeedTestUITests;
			sourceTree = "<group>";
		};
		DB2A21AD2766CEEA005F239E /* Model */ = {
			isa = PBXGroup;
			children = (
				DB2A21AE2766CEF5005F239E /* CCDBModel.swift */,
				DB2A21B02766CF01005F239E /* RealmModel.swift */,
				DB2A21B22766CF18005F239E /* RealmHelper.swift */,
			);
			path = Model;
			sourceTree = "<group>";
		};
/* End PBXGroup section */

/* Begin PBXNativeTarget section */
		DB2A217F2766CC0A005F239E /* SpeedTest */ = {
			isa = PBXNativeTarget;
			buildConfigurationList = DB2A21A42766CC0C005F239E /* Build configuration list for PBXNativeTarget "SpeedTest" */;
			buildPhases = (
				BF2379E441EC24A6267F958E /* [CP] Check Pods Manifest.lock */,
				DB2A217C2766CC0A005F239E /* Sources */,
				DB2A217D2766CC0A005F239E /* Frameworks */,
				DB2A217E2766CC0A005F239E /* Resources */,
				11E3B8BB2C140EB94A9E7073 /* [CP] Embed Pods Frameworks */,
			);
			buildRules = (
			);
			dependencies = (
			);
			name = SpeedTest;
			productName = SpeedTest;
			productReference = DB2A21802766CC0A005F239E /* SpeedTest.app */;
			productType = "com.apple.product-type.application";
		};
		DB2A218F2766CC0C005F239E /* SpeedTestTests */ = {
			isa = PBXNativeTarget;
			buildConfigurationList = DB2A21A72766CC0C005F239E /* Build configuration list for PBXNativeTarget "SpeedTestTests" */;
			buildPhases = (
				DB2A218C2766CC0C005F239E /* Sources */,
				DB2A218D2766CC0C005F239E /* Frameworks */,
				DB2A218E2766CC0C005F239E /* Resources */,
			);
			buildRules = (
			);
			dependencies = (
				DB2A21922766CC0C005F239E /* PBXTargetDependency */,
			);
			name = SpeedTestTests;
			productName = SpeedTestTests;
			productReference = DB2A21902766CC0C005F239E /* SpeedTestTests.xctest */;
			productType = "com.apple.product-type.bundle.unit-test";
		};
		DB2A21992766CC0C005F239E /* SpeedTestUITests */ = {
			isa = PBXNativeTarget;
			buildConfigurationList = DB2A21AA2766CC0C005F239E /* Build configuration list for PBXNativeTarget "SpeedTestUITests" */;
			buildPhases = (
				DB2A21962766CC0C005F239E /* Sources */,
				DB2A21972766CC0C005F239E /* Frameworks */,
				DB2A21982766CC0C005F239E /* Resources */,
			);
			buildRules = (
			);
			dependencies = (
				DB2A219C2766CC0C005F239E /* PBXTargetDependency */,
			);
			name = SpeedTestUITests;
			productName = SpeedTestUITests;
			productReference = DB2A219A2766CC0C005F239E /* SpeedTestUITests.xctest */;
			productType = "com.apple.product-type.bundle.ui-testing";
		};
/* End PBXNativeTarget section */

/* Begin PBXProject section */
		DB2A21782766CC0A005F239E /* Project object */ = {
			isa = PBXProject;
			attributes = {
				BuildIndependentTargetsInParallel = 1;
				LastSwiftUpdateCheck = 1300;
				LastUpgradeCheck = 1300;
				TargetAttributes = {
					DB2A217F2766CC0A005F239E = {
						CreatedOnToolsVersion = 13.0;
					};
					DB2A218F2766CC0C005F239E = {
						CreatedOnToolsVersion = 13.0;
						TestTargetID = DB2A217F2766CC0A005F239E;
					};
					DB2A21992766CC0C005F239E = {
						CreatedOnToolsVersion = 13.0;
						TestTargetID = DB2A217F2766CC0A005F239E;
					};
				};
			};
			buildConfigurationList = DB2A217B2766CC0A005F239E /* Build configuration list for PBXProject "SpeedTest" */;
			compatibilityVersion = "Xcode 13.0";
			developmentRegion = en;
			hasScannedForEncodings = 0;
			knownRegions = (
				en,
				Base,
			);
			mainGroup = DB2A21772766CC0A005F239E;
			productRefGroup = DB2A21812766CC0A005F239E /* Products */;
			projectDirPath = "";
			projectRoot = "";
			targets = (
				DB2A217F2766CC0A005F239E /* SpeedTest */,
				DB2A218F2766CC0C005F239E /* SpeedTestTests */,
				DB2A21992766CC0C005F239E /* SpeedTestUITests */,
			);
		};
/* End PBXProject section */

/* Begin PBXResourcesBuildPhase section */
		DB2A217E2766CC0A005F239E /* Resources */ = {
			isa = PBXResourcesBuildPhase;
			buildActionMask = 2147483647;
			files = (
				DB2A218B2766CC0B005F239E /* Preview Assets.xcassets in Resources */,
				DB2A21882766CC0B005F239E /* Assets.xcassets in Resources */,
			);
			runOnlyForDeploymentPostprocessing = 0;
		};
		DB2A218E2766CC0C005F239E /* Resources */ = {
			isa = PBXResourcesBuildPhase;
			buildActionMask = 2147483647;
			files = (
			);
			runOnlyForDeploymentPostprocessing = 0;
		};
		DB2A21982766CC0C005F239E /* Resources */ = {
			isa = PBXResourcesBuildPhase;
			buildActionMask = 2147483647;
			files = (
			);
			runOnlyForDeploymentPostprocessing = 0;
		};
/* End PBXResourcesBuildPhase section */

/* Begin PBXShellScriptBuildPhase section */
		11E3B8BB2C140EB94A9E7073 /* [CP] Embed Pods Frameworks */ = {
			isa = PBXShellScriptBuildPhase;
			buildActionMask = 2147483647;
			files = (
			);
			inputFileListPaths = (
				"${PODS_ROOT}/Target Support Files/Pods-SpeedTest/Pods-SpeedTest-frameworks-${CONFIGURATION}-input-files.xcfilelist",
			);
			name = "[CP] Embed Pods Frameworks";
			outputFileListPaths = (
				"${PODS_ROOT}/Target Support Files/Pods-SpeedTest/Pods-SpeedTest-frameworks-${CONFIGURATION}-output-files.xcfilelist",
			);
			runOnlyForDeploymentPostprocessing = 0;
			shellPath = /bin/sh;
			shellScript = "\"${PODS_ROOT}/Target Support Files/Pods-SpeedTest/Pods-SpeedTest-frameworks.sh\"\n";
			showEnvVarsInLog = 0;
		};
		BF2379E441EC24A6267F958E /* [CP] Check Pods Manifest.lock */ = {
			isa = PBXShellScriptBuildPhase;
			buildActionMask = 2147483647;
			files = (
			);
			inputFileListPaths = (
			);
			inputPaths = (
				"${PODS_PODFILE_DIR_PATH}/Podfile.lock",
				"${PODS_ROOT}/Manifest.lock",
			);
			name = "[CP] Check Pods Manifest.lock";
			outputFileListPaths = (
			);
			outputPaths = (
				"$(DERIVED_FILE_DIR)/Pods-SpeedTest-checkManifestLockResult.txt",
			);
			runOnlyForDeploymentPostprocessing = 0;
			shellPath = /bin/sh;
			shellScript = "diff \"${PODS_PODFILE_DIR_PATH}/Podfile.lock\" \"${PODS_ROOT}/Manifest.lock\" > /dev/null\nif [ $? != 0 ] ; then\n    # print error to STDERR\n    echo \"error: The sandbox is not in sync with the Podfile.lock. Run 'pod install' or update your CocoaPods installation.\" >&2\n    exit 1\nfi\n# This output is used by Xcode 'outputs' to avoid re-running this script phase.\necho \"SUCCESS\" > \"${SCRIPT_OUTPUT_FILE_0}\"\n";
			showEnvVarsInLog = 0;
		};
/* End PBXShellScriptBuildPhase section */

/* Begin PBXSourcesBuildPhase section */
		DB2A217C2766CC0A005F239E /* Sources */ = {
			isa = PBXSourcesBuildPhase;
			buildActionMask = 2147483647;
			files = (
				DB2A21862766CC0A005F239E /* ContentView.swift in Sources */,
				DB2A21B32766CF18005F239E /* RealmHelper.swift in Sources */,
				DB2A21B12766CF01005F239E /* RealmModel.swift in Sources */,
				DB2A21AF2766CEF5005F239E /* CCDBModel.swift in Sources */,
				DB2A21842766CC0A005F239E /* SpeedTestApp.swift in Sources */,
			);
			runOnlyForDeploymentPostprocessing = 0;
		};
		DB2A218C2766CC0C005F239E /* Sources */ = {
			isa = PBXSourcesBuildPhase;
			buildActionMask = 2147483647;
			files = (
				DB2A21952766CC0C005F239E /* SpeedTestTests.swift in Sources */,
			);
			runOnlyForDeploymentPostprocessing = 0;
		};
		DB2A21962766CC0C005F239E /* Sources */ = {
			isa = PBXSourcesBuildPhase;
			buildActionMask = 2147483647;
			files = (
				DB2A21A12766CC0C005F239E /* SpeedTestUITestsLaunchTests.swift in Sources */,
				DB2A219F2766CC0C005F239E /* SpeedTestUITests.swift in Sources */,
			);
			runOnlyForDeploymentPostprocessing = 0;
		};
/* End PBXSourcesBuildPhase section */

/* Begin PBXTargetDependency section */
		DB2A21922766CC0C005F239E /* PBXTargetDependency */ = {
			isa = PBXTargetDependency;
			target = DB2A217F2766CC0A005F239E /* SpeedTest */;
			targetProxy = DB2A21912766CC0C005F239E /* PBXContainerItemProxy */;
		};
		DB2A219C2766CC0C005F239E /* PBXTargetDependency */ = {
			isa = PBXTargetDependency;
			target = DB2A217F2766CC0A005F239E /* SpeedTest */;
			targetProxy = DB2A219B2766CC0C005F239E /* PBXContainerItemProxy */;
		};
/* End PBXTargetDependency section */

/* Begin XCBuildConfiguration section */
		DB2A21A22766CC0C005F239E /* Debug */ = {
			isa = XCBuildConfiguration;
			buildSettings = {
				ALWAYS_SEARCH_USER_PATHS = NO;
				CLANG_ANALYZER_NONNULL = YES;
				CLANG_ANALYZER_NUMBER_OBJECT_CONVERSION = YES_AGGRESSIVE;
				CLANG_CXX_LANGUAGE_STANDARD = "gnu++17";
				CLANG_CXX_LIBRARY = "libc++";
				CLANG_ENABLE_MODULES = YES;
				CLANG_ENABLE_OBJC_ARC = YES;
				CLANG_ENABLE_OBJC_WEAK = YES;
				CLANG_WARN_BLOCK_CAPTURE_AUTORELEASING = YES;
				CLANG_WARN_BOOL_CONVERSION = YES;
				CLANG_WARN_COMMA = YES;
				CLANG_WARN_CONSTANT_CONVERSION = YES;
				CLANG_WARN_DEPRECATED_OBJC_IMPLEMENTATIONS = YES;
				CLANG_WARN_DIRECT_OBJC_ISA_USAGE = YES_ERROR;
				CLANG_WARN_DOCUMENTATION_COMMENTS = YES;
				CLANG_WARN_EMPTY_BODY = YES;
				CLANG_WARN_ENUM_CONVERSION = YES;
				CLANG_WARN_INFINITE_RECURSION = YES;
				CLANG_WARN_INT_CONVERSION = YES;
				CLANG_WARN_NON_LITERAL_NULL_CONVERSION = YES;
				CLANG_WARN_OBJC_IMPLICIT_RETAIN_SELF = YES;
				CLANG_WARN_OBJC_LITERAL_CONVERSION = YES;
				CLANG_WARN_OBJC_ROOT_CLASS = YES_ERROR;
				CLANG_WARN_QUOTED_INCLUDE_IN_FRAMEWORK_HEADER = YES;
				CLANG_WARN_RANGE_LOOP_ANALYSIS = YES;
				CLANG_WARN_STRICT_PROTOTYPES = YES;
				CLANG_WARN_SUSPICIOUS_MOVE = YES;
				CLANG_WARN_UNGUARDED_AVAILABILITY = YES_AGGRESSIVE;
				CLANG_WARN_UNREACHABLE_CODE = YES;
				CLANG_WARN__DUPLICATE_METHOD_MATCH = YES;
				COPY_PHASE_STRIP = NO;
				DEBUG_INFORMATION_FORMAT = dwarf;
				ENABLE_STRICT_OBJC_MSGSEND = YES;
				ENABLE_TESTABILITY = YES;
				GCC_C_LANGUAGE_STANDARD = gnu11;
				GCC_DYNAMIC_NO_PIC = NO;
				GCC_NO_COMMON_BLOCKS = YES;
				GCC_OPTIMIZATION_LEVEL = 0;
				GCC_PREPROCESSOR_DEFINITIONS = (
					"DEBUG=1",
					"$(inherited)",
				);
				GCC_WARN_64_TO_32_BIT_CONVERSION = YES;
				GCC_WARN_ABOUT_RETURN_TYPE = YES_ERROR;
				GCC_WARN_UNDECLARED_SELECTOR = YES;
				GCC_WARN_UNINITIALIZED_AUTOS = YES_AGGRESSIVE;
				GCC_WARN_UNUSED_FUNCTION = YES;
				GCC_WARN_UNUSED_VARIABLE = YES;
				IPHONEOS_DEPLOYMENT_TARGET = 15.0;
				MTL_ENABLE_DEBUG_INFO = INCLUDE_SOURCE;
				MTL_FAST_MATH = YES;
				ONLY_ACTIVE_ARCH = YES;
				SDKROOT = iphoneos;
				SWIFT_ACTIVE_COMPILATION_CONDITIONS = DEBUG;
				SWIFT_OPTIMIZATION_LEVEL = "-Onone";
			};
			name = Debug;
		};
		DB2A21A32766CC0C005F239E /* Release */ = {
			isa = XCBuildConfiguration;
			buildSettings = {
				ALWAYS_SEARCH_USER_PATHS = NO;
				CLANG_ANALYZER_NONNULL = YES;
				CLANG_ANALYZER_NUMBER_OBJECT_CONVERSION = YES_AGGRESSIVE;
				CLANG_CXX_LANGUAGE_STANDARD = "gnu++17";
				CLANG_CXX_LIBRARY = "libc++";
				CLANG_ENABLE_MODULES = YES;
				CLANG_ENABLE_OBJC_ARC = YES;
				CLANG_ENABLE_OBJC_WEAK = YES;
				CLANG_WARN_BLOCK_CAPTURE_AUTORELEASING = YES;
				CLANG_WARN_BOOL_CONVERSION = YES;
				CLANG_WARN_COMMA = YES;
				CLANG_WARN_CONSTANT_CONVERSION = YES;
				CLANG_WARN_DEPRECATED_OBJC_IMPLEMENTATIONS = YES;
				CLANG_WARN_DIRECT_OBJC_ISA_USAGE = YES_ERROR;
				CLANG_WARN_DOCUMENTATION_COMMENTS = YES;
				CLANG_WARN_EMPTY_BODY = YES;
				CLANG_WARN_ENUM_CONVERSION = YES;
				CLANG_WARN_INFINITE_RECURSION = YES;
				CLANG_WARN_INT_CONVERSION = YES;
				CLANG_WARN_NON_LITERAL_NULL_CONVERSION = YES;
				CLANG_WARN_OBJC_IMPLICIT_RETAIN_SELF = YES;
				CLANG_WARN_OBJC_LITERAL_CONVERSION = YES;
				CLANG_WARN_OBJC_ROOT_CLASS = YES_ERROR;
				CLANG_WARN_QUOTED_INCLUDE_IN_FRAMEWORK_HEADER = YES;
				CLANG_WARN_RANGE_LOOP_ANALYSIS = YES;
				CLANG_WARN_STRICT_PROTOTYPES = YES;
				CLANG_WARN_SUSPICIOUS_MOVE = YES;
				CLANG_WARN_UNGUARDED_AVAILABILITY = YES_AGGRESSIVE;
				CLANG_WARN_UNREACHABLE_CODE = YES;
				CLANG_WARN__DUPLICATE_METHOD_MATCH = YES;
				COPY_PHASE_STRIP = NO;
				DEBUG_INFORMATION_FORMAT = "dwarf-with-dsym";
				ENABLE_NS_ASSERTIONS = NO;
				ENABLE_STRICT_OBJC_MSGSEND = YES;
				GCC_C_LANGUAGE_STANDARD = gnu11;
				GCC_NO_COMMON_BLOCKS = YES;
				GCC_WARN_64_TO_32_BIT_CONVERSION = YES;
				GCC_WARN_ABOUT_RETURN_TYPE = YES_ERROR;
				GCC_WARN_UNDECLARED_SELECTOR = YES;
				GCC_WARN_UNINITIALIZED_AUTOS = YES_AGGRESSIVE;
				GCC_WARN_UNUSED_FUNCTION = YES;
				GCC_WARN_UNUSED_VARIABLE = YES;
				IPHONEOS_DEPLOYMENT_TARGET = 15.0;
				MTL_ENABLE_DEBUG_INFO = NO;
				MTL_FAST_MATH = YES;
				SDKROOT = iphoneos;
				SWIFT_COMPILATION_MODE = wholemodule;
				SWIFT_OPTIMIZATION_LEVEL = "-O";
				VALIDATE_PRODUCT = YES;
			};
			name = Release;
		};
		DB2A21A52766CC0C005F239E /* Debug */ = {
			isa = XCBuildConfiguration;
			baseConfigurationReference = AAD8BB241A6BF2F0ACA2CBAE /* Pods-SpeedTest.debug.xcconfig */;
			buildSettings = {
				ASSETCATALOG_COMPILER_APPICON_NAME = AppIcon;
				ASSETCATALOG_COMPILER_GLOBAL_ACCENT_COLOR_NAME = AccentColor;
				CODE_SIGN_STYLE = Automatic;
				CURRENT_PROJECT_VERSION = 1;
				DEVELOPMENT_ASSET_PATHS = "\"SpeedTest/Preview Content\"";
				ENABLE_PREVIEWS = YES;
				GENERATE_INFOPLIST_FILE = YES;
				INFOPLIST_KEY_UIApplicationSceneManifest_Generation = YES;
				INFOPLIST_KEY_UIApplicationSupportsIndirectInputEvents = YES;
				INFOPLIST_KEY_UILaunchScreen_Generation = YES;
				INFOPLIST_KEY_UISupportedInterfaceOrientations_iPad = "UIInterfaceOrientationPortrait UIInterfaceOrientationPortraitUpsideDown UIInterfaceOrientationLandscapeLeft UIInterfaceOrientationLandscapeRight";
				INFOPLIST_KEY_UISupportedInterfaceOrientations_iPhone = "UIInterfaceOrientationPortrait UIInterfaceOrientationLandscapeLeft UIInterfaceOrientationLandscapeRight";
				IPHONEOS_DEPLOYMENT_TARGET = 14.0;
				LD_RUNPATH_SEARCH_PATHS = (
					"$(inherited)",
					"@executable_path/Frameworks",
				);
				MARKETING_VERSION = 1.0;
				PRODUCT_BUNDLE_IDENTIFIER = com.cmw.SpeedTest;
				PRODUCT_NAME = "$(TARGET_NAME)";
				SWIFT_EMIT_LOC_STRINGS = YES;
				SWIFT_VERSION = 5.0;
				TARGETED_DEVICE_FAMILY = "1,2";
			};
			name = Debug;
		};
		DB2A21A62766CC0C005F239E /* Release */ = {
			isa = XCBuildConfiguration;
			baseConfigurationReference = E63F10E2400B89E718A63501 /* Pods-SpeedTest.release.xcconfig */;
			buildSettings = {
				ASSETCATALOG_COMPILER_APPICON_NAME = AppIcon;
				ASSETCATALOG_COMPILER_GLOBAL_ACCENT_COLOR_NAME = AccentColor;
				CODE_SIGN_STYLE = Automatic;
				CURRENT_PROJECT_VERSION = 1;
				DEVELOPMENT_ASSET_PATHS = "\"SpeedTest/Preview Content\"";
				ENABLE_PREVIEWS = YES;
				GENERATE_INFOPLIST_FILE = YES;
				INFOPLIST_KEY_UIApplicationSceneManifest_Generation = YES;
				INFOPLIST_KEY_UIApplicationSupportsIndirectInputEvents = YES;
				INFOPLIST_KEY_UILaunchScreen_Generation = YES;
				INFOPLIST_KEY_UISupportedInterfaceOrientations_iPad = "UIInterfaceOrientationPortrait UIInterfaceOrientationPortraitUpsideDown UIInterfaceOrientationLandscapeLeft UIInterfaceOrientationLandscapeRight";
				INFOPLIST_KEY_UISupportedInterfaceOrientations_iPhone = "UIInterfaceOrientationPortrait UIInterfaceOrientationLandscapeLeft UIInterfaceOrientationLandscapeRight";
				IPHONEOS_DEPLOYMENT_TARGET = 14.0;
				LD_RUNPATH_SEARCH_PATHS = (
					"$(inherited)",
					"@executable_path/Frameworks",
				);
				MARKETING_VERSION = 1.0;
				PRODUCT_BUNDLE_IDENTIFIER = com.cmw.SpeedTest;
				PRODUCT_NAME = "$(TARGET_NAME)";
				SWIFT_EMIT_LOC_STRINGS = YES;
				SWIFT_VERSION = 5.0;
				TARGETED_DEVICE_FAMILY = "1,2";
			};
			name = Release;
		};
		DB2A21A82766CC0C005F239E /* Debug */ = {
			isa = XCBuildConfiguration;
			buildSettings = {
				ALWAYS_EMBED_SWIFT_STANDARD_LIBRARIES = YES;
				BUNDLE_LOADER = "$(TEST_HOST)";
				CODE_SIGN_STYLE = Automatic;
				CURRENT_PROJECT_VERSION = 1;
				GENERATE_INFOPLIST_FILE = YES;
				IPHONEOS_DEPLOYMENT_TARGET = 14.0;
				LD_RUNPATH_SEARCH_PATHS = (
					"$(inherited)",
					"@executable_path/Frameworks",
					"@loader_path/Frameworks",
				);
				MARKETING_VERSION = 1.0;
				PRODUCT_BUNDLE_IDENTIFIER = com.cmw.SpeedTestTests;
				PRODUCT_NAME = "$(TARGET_NAME)";
				SWIFT_EMIT_LOC_STRINGS = NO;
				SWIFT_VERSION = 5.0;
				TARGETED_DEVICE_FAMILY = "1,2";
				TEST_HOST = "$(BUILT_PRODUCTS_DIR)/SpeedTest.app/SpeedTest";
			};
			name = Debug;
		};
		DB2A21A92766CC0C005F239E /* Release */ = {
			isa = XCBuildConfiguration;
			buildSettings = {
				ALWAYS_EMBED_SWIFT_STANDARD_LIBRARIES = YES;
				BUNDLE_LOADER = "$(TEST_HOST)";
				CODE_SIGN_STYLE = Automatic;
				CURRENT_PROJECT_VERSION = 1;
				GENERATE_INFOPLIST_FILE = YES;
				IPHONEOS_DEPLOYMENT_TARGET = 14.0;
				LD_RUNPATH_SEARCH_PATHS = (
					"$(inherited)",
					"@executable_path/Frameworks",
					"@loader_path/Frameworks",
				);
				MARKETING_VERSION = 1.0;
				PRODUCT_BUNDLE_IDENTIFIER = com.cmw.SpeedTestTests;
				PRODUCT_NAME = "$(TARGET_NAME)";
				SWIFT_EMIT_LOC_STRINGS = NO;
				SWIFT_VERSION = 5.0;
				TARGETED_DEVICE_FAMILY = "1,2";
				TEST_HOST = "$(BUILT_PRODUCTS_DIR)/SpeedTest.app/SpeedTest";
			};
			name = Release;
		};
		DB2A21AB2766CC0C005F239E /* Debug */ = {
			isa = XCBuildConfiguration;
			buildSettings = {
				ALWAYS_EMBED_SWIFT_STANDARD_LIBRARIES = YES;
				CODE_SIGN_STYLE = Automatic;
				CURRENT_PROJECT_VERSION = 1;
				GENERATE_INFOPLIST_FILE = YES;
				LD_RUNPATH_SEARCH_PATHS = (
					"$(inherited)",
					"@executable_path/Frameworks",
					"@loader_path/Frameworks",
				);
				MARKETING_VERSION = 1.0;
				PRODUCT_BUNDLE_IDENTIFIER = com.cmw.SpeedTestUITests;
				PRODUCT_NAME = "$(TARGET_NAME)";
				SWIFT_EMIT_LOC_STRINGS = NO;
				SWIFT_VERSION = 5.0;
				TARGETED_DEVICE_FAMILY = "1,2";
				TEST_TARGET_NAME = SpeedTest;
			};
			name = Debug;
		};
		DB2A21AC2766CC0C005F239E /* Release */ = {
			isa = XCBuildConfiguration;
			buildSettings = {
				ALWAYS_EMBED_SWIFT_STANDARD_LIBRARIES = YES;
				CODE_SIGN_STYLE = Automatic;
				CURRENT_PROJECT_VERSION = 1;
				GENERATE_INFOPLIST_FILE = YES;
				LD_RUNPATH_SEARCH_PATHS = (
					"$(inherited)",
					"@executable_path/Frameworks",
					"@loader_path/Frameworks",
				);
				MARKETING_VERSION = 1.0;
				PRODUCT_BUNDLE_IDENTIFIER = com.cmw.SpeedTestUITests;
				PRODUCT_NAME = "$(TARGET_NAME)";
				SWIFT_EMIT_LOC_STRINGS = NO;
				SWIFT_VERSION = 5.0;
				TARGETED_DEVICE_FAMILY = "1,2";
				TEST_TARGET_NAME = SpeedTest;
			};
			name = Release;
		};
/* End XCBuildConfiguration section */

/* Begin XCConfigurationList section */
		DB2A217B2766CC0A005F239E /* Build configuration list for PBXProject "SpeedTest" */ = {
			isa = XCConfigurationList;
			buildConfigurations = (
				DB2A21A22766CC0C005F239E /* Debug */,
				DB2A21A32766CC0C005F239E /* Release */,
			);
			defaultConfigurationIsVisible = 0;
			defaultConfigurationName = Release;
		};
		DB2A21A42766CC0C005F239E /* Build configuration list for PBXNativeTarget "SpeedTest" */ = {
			isa = XCConfigurationList;
			buildConfigurations = (
				DB2A21A52766CC0C005F239E /* Debug */,
				DB2A21A62766CC0C005F239E /* Release */,
			);
			defaultConfigurationIsVisible = 0;
			defaultConfigurationName = Release;
		};
		DB2A21A72766CC0C005F239E /* Build configuration list for PBXNativeTarget "SpeedTestTests" */ = {
			isa = XCConfigurationList;
			buildConfigurations = (
				DB2A21A82766CC0C005F239E /* Debug */,
				DB2A21A92766CC0C005F239E /* Release */,
			);
			defaultConfigurationIsVisible = 0;
			defaultConfigurationName = Release;
		};
		DB2A21AA2766CC0C005F239E /* Build configuration list for PBXNativeTarget "SpeedTestUITests" */ = {
			isa = XCConfigurationList;
			buildConfigurations = (
				DB2A21AB2766CC0C005F239E /* Debug */,
				DB2A21AC2766CC0C005F239E /* Release */,
			);
			defaultConfigurationIsVisible = 0;
			defaultConfigurationName = Release;
		};
/* End XCConfigurationList section */
	};
	rootObject = DB2A21782766CC0A005F239E /* Project object */;
}
