PODS:
  - CCDB (1.0.0)
  - Realm (10.20.0):
    - Realm/Headers (= 10.20.0)
  - Realm/Headers (10.20.0)
  - RealmSwift (10.20.0):
    - Realm (= 10.20.0)

DEPENDENCIES:
  - CCDB (from `/Users/cmw/projects/ccmodelexample/ccmodelexample`)
  - Realm
  - RealmSwift

SPEC REPOS:
  trunk:
    - Realm
    - RealmSwift

EXTERNAL SOURCES:
  CCDB:
    :path: "/Users/cmw/projects/ccmodelexample/ccmodelexample"

SPEC CHECKSUMS:
  CCDB: 33ca3309aef9103704d0e414be2cedfdb4a63667
  Realm: ae32bdc1da7d19c7617e0400201a77acd4a211b9
  RealmSwift: c95eec6a712924870b2e36c4c081d63ec07e5414

PODFILE CHECKSUM: e467500b8c8d2836b6f7c248450005d6496fc489

COCOAPODS: 1.11.2
